
Microsoft Visual Studio Solution File, Format Version 12.00
# Visual Studio Version 17
VisualStudioVersion = 17.8.34309.116
MinimumVisualStudioVersion = 10.0.40219.1
Project("{FAE04EC0-301F-11D3-BF4B-00C04F79EFBC}") = "Workaround", "Workaround\Workaround.csproj", "{67526CD5-9283-4A8F-984D-F45542708CAE}"
EndProject
Project("{FAE04EC0-301F-11D3-BF4B-00C04F79EFBC}") = "Business", "Business\Business.csproj", "{858F430A-41E6-476B-B4EF-036A73A50A3A}"
EndProject
Project("{FAE04EC0-301F-11D3-BF4B-00C04F79EFBC}") = "Entities", "Entities\Entities.csproj", "{A530DE28-ACC3-4E95-920D-CD39A888730A}"
EndProject
Global
	GlobalSection(SolutionConfigurationPlatforms) = preSolution
		Debug|Any CPU = Debug|Any CPU
		Release|Any CPU = Release|Any CPU
	EndGlobalSection
	GlobalSection(ProjectConfigurationPlatforms) = postSolution
		{67526CD5-9283-4A8F-984D-F45542708CAE}.Debug|Any CPU.ActiveCfg = Debug|Any CPU
		{67526CD5-9283-4A8F-984D-F45542708CAE}.Debug|Any CPU.Build.0 = Debug|Any CPU
		{67526CD5-9283-4A8F-984D-F45542708CAE}.Release|Any CPU.ActiveCfg = Release|Any CPU
		{67526CD5-9283-4A8F-984D-F45542708CAE}.Release|Any CPU.Build.0 = Release|Any CPU
		{858F430A-41E6-476B-B4EF-036A73A50A3A}.Debug|Any CPU.ActiveCfg = Debug|Any CPU
		{858F430A-41E6-476B-B4EF-036A73A50A3A}.Debug|Any CPU.Build.0 = Debug|Any CPU
		{858F430A-41E6-476B-B4EF-036A73A50A3A}.Release|Any CPU.ActiveCfg = Release|Any CPU
		{858F430A-41E6-476B-B4EF-036A73A50A3A}.Release|Any CPU.Build.0 = Release|Any CPU
		{A530DE28-ACC3-4E95-920D-CD39A888730A}.Debug|Any CPU.ActiveCfg = Debug|Any CPU
		{A530DE28-ACC3-4E95-920D-CD39A888730A}.Debug|Any CPU.Build.0 = Debug|Any CPU
		{A530DE28-ACC3-4E95-920D-CD39A888730A}.Release|Any CPU.ActiveCfg = Release|Any CPU
		{A530DE28-ACC3-4E95-920D-CD39A888730A}.Release|Any CPU.Build.0 = Release|Any CPU
	EndGlobalSection
	GlobalSection(SolutionProperties) = preSolution
		HideSolutionNode = FALSE
	EndGlobalSection
	GlobalSection(ExtensibilityGlobals) = postSolution
		SolutionGuid = {30992A72-A46F-49A7-A844-AABB4BCCA558}
	EndGlobalSection
EndGlobal
